
Microsoft Visual Studio Solution File, Format Version 12.00
# Visual Studio 14
VisualStudioVersion = 14.0.25123.0
MinimumVisualStudioVersion = 10.0.40219.1
Project("{8BB2217D-0F2D-49D1-97BC-3654ED321F3B}") = "transactR.Config", "src\transactR.Config\transactR.Config.xproj", "{C7F7DFDD-6D47-4084-8D7A-21F9457D92BE}"
EndProject
Project("{2150E333-8FDC-42A3-9474-1A3956D46DE8}") = "Solution Items", "Solution Items", "{BBF02E96-BA57-41DE-B036-89BFCEEBDFE6}"
	ProjectSection(SolutionItems) = preProject
		test\global.json = test\global.json
		global.json = global.json
	EndProjectSection
EndProject
Project("{8BB2217D-0F2D-49D1-97BC-3654ED321F3B}") = "transactR.Tests", "test\transactR.Tests\transactR.Tests.xproj", "{08DFF35D-77CB-4427-AA27-67A423E8F6B5}"
EndProject
Project("{8BB2217D-0F2D-49D1-97BC-3654ED321F3B}") = "transactR.Runtime", "src\transactR.Runtime\transactR.Runtime.xproj", "{98E97FDC-45D4-4C47-9C44-8F5EDD3DE677}"
EndProject
Project("{8BB2217D-0F2D-49D1-97BC-3654ED321F3B}") = "transactR.Core", "src\transactR.Core\transactR.Core.xproj", "{8789AFC0-CC41-407A-B1CE-1F6A8769082B}"
EndProject
Project("{8BB2217D-0F2D-49D1-97BC-3654ED321F3B}") = "transactR.Core.EF", "src\transactR.Core.EF\transactR.Core.EF.xproj", "{23AED34A-810A-4BA3-AED7-F022E87E6A47}"
EndProject
Global
	GlobalSection(SolutionConfigurationPlatforms) = preSolution
		Debug|Any CPU = Debug|Any CPU
		Release|Any CPU = Release|Any CPU
	EndGlobalSection
	GlobalSection(ProjectConfigurationPlatforms) = postSolution
		{C7F7DFDD-6D47-4084-8D7A-21F9457D92BE}.Debug|Any CPU.ActiveCfg = Debug|Any CPU
		{C7F7DFDD-6D47-4084-8D7A-21F9457D92BE}.Debug|Any CPU.Build.0 = Debug|Any CPU
		{C7F7DFDD-6D47-4084-8D7A-21F9457D92BE}.Release|Any CPU.ActiveCfg = Release|Any CPU
		{C7F7DFDD-6D47-4084-8D7A-21F9457D92BE}.Release|Any CPU.Build.0 = Release|Any CPU
		{08DFF35D-77CB-4427-AA27-67A423E8F6B5}.Debug|Any CPU.ActiveCfg = Debug|Any CPU
		{08DFF35D-77CB-4427-AA27-67A423E8F6B5}.Debug|Any CPU.Build.0 = Debug|Any CPU
		{08DFF35D-77CB-4427-AA27-67A423E8F6B5}.Release|Any CPU.ActiveCfg = Release|Any CPU
		{08DFF35D-77CB-4427-AA27-67A423E8F6B5}.Release|Any CPU.Build.0 = Release|Any CPU
		{98E97FDC-45D4-4C47-9C44-8F5EDD3DE677}.Debug|Any CPU.ActiveCfg = Debug|Any CPU
		{98E97FDC-45D4-4C47-9C44-8F5EDD3DE677}.Debug|Any CPU.Build.0 = Debug|Any CPU
		{98E97FDC-45D4-4C47-9C44-8F5EDD3DE677}.Release|Any CPU.ActiveCfg = Release|Any CPU
		{98E97FDC-45D4-4C47-9C44-8F5EDD3DE677}.Release|Any CPU.Build.0 = Release|Any CPU
		{8789AFC0-CC41-407A-B1CE-1F6A8769082B}.Debug|Any CPU.ActiveCfg = Debug|Any CPU
		{8789AFC0-CC41-407A-B1CE-1F6A8769082B}.Debug|Any CPU.Build.0 = Debug|Any CPU
		{8789AFC0-CC41-407A-B1CE-1F6A8769082B}.Release|Any CPU.ActiveCfg = Release|Any CPU
		{8789AFC0-CC41-407A-B1CE-1F6A8769082B}.Release|Any CPU.Build.0 = Release|Any CPU
		{23AED34A-810A-4BA3-AED7-F022E87E6A47}.Debug|Any CPU.ActiveCfg = Debug|Any CPU
		{23AED34A-810A-4BA3-AED7-F022E87E6A47}.Debug|Any CPU.Build.0 = Debug|Any CPU
		{23AED34A-810A-4BA3-AED7-F022E87E6A47}.Release|Any CPU.ActiveCfg = Release|Any CPU
		{23AED34A-810A-4BA3-AED7-F022E87E6A47}.Release|Any CPU.Build.0 = Release|Any CPU
	EndGlobalSection
	GlobalSection(SolutionProperties) = preSolution
		HideSolutionNode = FALSE
	EndGlobalSection
EndGlobal
